
Microsoft Visual Studio Solution File, Format Version 12.00
# Visual Studio 15
VisualStudioVersion = 15.0.26430.16
MinimumVisualStudioVersion = 10.0.40219.1
Project("{FAE04EC0-301F-11D3-BF4B-00C04F79EFBC}") = "InvDefault", "InvDefault\InvDefault.csproj", "{E87C3B5A-D5BD-4E01-9310-28F9127B25AB}"
EndProject
Project("{FAE04EC0-301F-11D3-BF4B-00C04F79EFBC}") = "InvDefaultW", "InvDefaultW\InvDefaultW.csproj", "{C94D3B37-9735-4FD9-AAE0-C424CD2A46E6}"
EndProject
Project("{FAE04EC0-301F-11D3-BF4B-00C04F79EFBC}") = "InvDefaultA", "InvDefaultA\InvDefaultA.csproj", "{BBEEA619-B7D3-42A6-9867-A6F6E1153DB3}"
EndProject
Project("{FAE04EC0-301F-11D3-BF4B-00C04F79EFBC}") = "InvDefaultI", "InvDefaultI\InvDefaultI.csproj", "{AC503DB3-06FD-4DA5-9D4D-0B7503034ACE}"
EndProject
Global
	GlobalSection(SolutionConfigurationPlatforms) = preSolution
		Ad-Hoc|Any CPU = Ad-Hoc|Any CPU
		Ad-Hoc|ARM = Ad-Hoc|ARM
		Ad-Hoc|iPhone = Ad-Hoc|iPhone
		Ad-Hoc|iPhoneSimulator = Ad-Hoc|iPhoneSimulator
		Ad-Hoc|x64 = Ad-Hoc|x64
		Ad-Hoc|x86 = Ad-Hoc|x86
		AppStore|Any CPU = AppStore|Any CPU
		AppStore|ARM = AppStore|ARM
		AppStore|iPhone = AppStore|iPhone
		AppStore|iPhoneSimulator = AppStore|iPhoneSimulator
		AppStore|x64 = AppStore|x64
		AppStore|x86 = AppStore|x86
		Debug|Any CPU = Debug|Any CPU
		Debug|ARM = Debug|ARM
		Debug|iPhone = Debug|iPhone
		Debug|iPhoneSimulator = Debug|iPhoneSimulator
		Debug|x64 = Debug|x64
		Debug|x86 = Debug|x86
		Release|Any CPU = Release|Any CPU
		Release|ARM = Release|ARM
		Release|iPhone = Release|iPhone
		Release|iPhoneSimulator = Release|iPhoneSimulator
		Release|x64 = Release|x64
		Release|x86 = Release|x86
	EndGlobalSection
	GlobalSection(ProjectConfigurationPlatforms) = postSolution
		{E87C3B5A-D5BD-4E01-9310-28F9127B25AB}.Ad-Hoc|Any CPU.ActiveCfg = Release|Any CPU
		{E87C3B5A-D5BD-4E01-9310-28F9127B25AB}.Ad-Hoc|Any CPU.Build.0 = Release|Any CPU
		{E87C3B5A-D5BD-4E01-9310-28F9127B25AB}.Ad-Hoc|ARM.ActiveCfg = Release|Any CPU
		{E87C3B5A-D5BD-4E01-9310-28F9127B25AB}.Ad-Hoc|ARM.Build.0 = Release|Any CPU
		{E87C3B5A-D5BD-4E01-9310-28F9127B25AB}.Ad-Hoc|iPhone.ActiveCfg = Release|Any CPU
		{E87C3B5A-D5BD-4E01-9310-28F9127B25AB}.Ad-Hoc|iPhone.Build.0 = Release|Any CPU
		{E87C3B5A-D5BD-4E01-9310-28F9127B25AB}.Ad-Hoc|iPhoneSimulator.ActiveCfg = Release|Any CPU
		{E87C3B5A-D5BD-4E01-9310-28F9127B25AB}.Ad-Hoc|iPhoneSimulator.Build.0 = Release|Any CPU
		{E87C3B5A-D5BD-4E01-9310-28F9127B25AB}.Ad-Hoc|x64.ActiveCfg = Release|Any CPU
		{E87C3B5A-D5BD-4E01-9310-28F9127B25AB}.Ad-Hoc|x64.Build.0 = Release|Any CPU
		{E87C3B5A-D5BD-4E01-9310-28F9127B25AB}.Ad-Hoc|x86.ActiveCfg = Release|Any CPU
		{E87C3B5A-D5BD-4E01-9310-28F9127B25AB}.Ad-Hoc|x86.Build.0 = Release|Any CPU
		{E87C3B5A-D5BD-4E01-9310-28F9127B25AB}.AppStore|Any CPU.ActiveCfg = Release|Any CPU
		{E87C3B5A-D5BD-4E01-9310-28F9127B25AB}.AppStore|Any CPU.Build.0 = Release|Any CPU
		{E87C3B5A-D5BD-4E01-9310-28F9127B25AB}.AppStore|ARM.ActiveCfg = Release|Any CPU
		{E87C3B5A-D5BD-4E01-9310-28F9127B25AB}.AppStore|ARM.Build.0 = Release|Any CPU
		{E87C3B5A-D5BD-4E01-9310-28F9127B25AB}.AppStore|iPhone.ActiveCfg = Release|Any CPU
		{E87C3B5A-D5BD-4E01-9310-28F9127B25AB}.AppStore|iPhone.Build.0 = Release|Any CPU
		{E87C3B5A-D5BD-4E01-9310-28F9127B25AB}.AppStore|iPhoneSimulator.ActiveCfg = Release|Any CPU
		{E87C3B5A-D5BD-4E01-9310-28F9127B25AB}.AppStore|iPhoneSimulator.Build.0 = Release|Any CPU
		{E87C3B5A-D5BD-4E01-9310-28F9127B25AB}.AppStore|x64.ActiveCfg = Release|Any CPU
		{E87C3B5A-D5BD-4E01-9310-28F9127B25AB}.AppStore|x64.Build.0 = Release|Any CPU
		{E87C3B5A-D5BD-4E01-9310-28F9127B25AB}.AppStore|x86.ActiveCfg = Release|Any CPU
		{E87C3B5A-D5BD-4E01-9310-28F9127B25AB}.AppStore|x86.Build.0 = Release|Any CPU
		{E87C3B5A-D5BD-4E01-9310-28F9127B25AB}.Debug|Any CPU.ActiveCfg = Debug|Any CPU
		{E87C3B5A-D5BD-4E01-9310-28F9127B25AB}.Debug|Any CPU.Build.0 = Debug|Any CPU
		{E87C3B5A-D5BD-4E01-9310-28F9127B25AB}.Debug|ARM.ActiveCfg = Debug|Any CPU
		{E87C3B5A-D5BD-4E01-9310-28F9127B25AB}.Debug|ARM.Build.0 = Debug|Any CPU
		{E87C3B5A-D5BD-4E01-9310-28F9127B25AB}.Debug|iPhone.ActiveCfg = Debug|Any CPU
		{E87C3B5A-D5BD-4E01-9310-28F9127B25AB}.Debug|iPhone.Build.0 = Debug|Any CPU
		{E87C3B5A-D5BD-4E01-9310-28F9127B25AB}.Debug|iPhoneSimulator.ActiveCfg = Debug|Any CPU
		{E87C3B5A-D5BD-4E01-9310-28F9127B25AB}.Debug|iPhoneSimulator.Build.0 = Debug|Any CPU
		{E87C3B5A-D5BD-4E01-9310-28F9127B25AB}.Debug|x64.ActiveCfg = Debug|Any CPU
		{E87C3B5A-D5BD-4E01-9310-28F9127B25AB}.Debug|x64.Build.0 = Debug|Any CPU
		{E87C3B5A-D5BD-4E01-9310-28F9127B25AB}.Debug|x86.ActiveCfg = Debug|Any CPU
		{E87C3B5A-D5BD-4E01-9310-28F9127B25AB}.Debug|x86.Build.0 = Debug|Any CPU
		{E87C3B5A-D5BD-4E01-9310-28F9127B25AB}.Release|Any CPU.ActiveCfg = Release|Any CPU
		{E87C3B5A-D5BD-4E01-9310-28F9127B25AB}.Release|Any CPU.Build.0 = Release|Any CPU
		{E87C3B5A-D5BD-4E01-9310-28F9127B25AB}.Release|ARM.ActiveCfg = Release|Any CPU
		{E87C3B5A-D5BD-4E01-9310-28F9127B25AB}.Release|ARM.Build.0 = Release|Any CPU
		{E87C3B5A-D5BD-4E01-9310-28F9127B25AB}.Release|iPhone.ActiveCfg = Release|Any CPU
		{E87C3B5A-D5BD-4E01-9310-28F9127B25AB}.Release|iPhone.Build.0 = Release|Any CPU
		{E87C3B5A-D5BD-4E01-9310-28F9127B25AB}.Release|iPhoneSimulator.ActiveCfg = Release|Any CPU
		{E87C3B5A-D5BD-4E01-9310-28F9127B25AB}.Release|iPhoneSimulator.Build.0 = Release|Any CPU
		{E87C3B5A-D5BD-4E01-9310-28F9127B25AB}.Release|x64.ActiveCfg = Release|Any CPU
		{E87C3B5A-D5BD-4E01-9310-28F9127B25AB}.Release|x64.Build.0 = Release|Any CPU
		{E87C3B5A-D5BD-4E01-9310-28F9127B25AB}.Release|x86.ActiveCfg = Release|Any CPU
		{E87C3B5A-D5BD-4E01-9310-28F9127B25AB}.Release|x86.Build.0 = Release|Any CPU
		{C94D3B37-9735-4FD9-AAE0-C424CD2A46E6}.Ad-Hoc|Any CPU.ActiveCfg = Release|Any CPU
		{C94D3B37-9735-4FD9-AAE0-C424CD2A46E6}.Ad-Hoc|Any CPU.Build.0 = Release|Any CPU
		{C94D3B37-9735-4FD9-AAE0-C424CD2A46E6}.Ad-Hoc|ARM.ActiveCfg = Release|Any CPU
		{C94D3B37-9735-4FD9-AAE0-C424CD2A46E6}.Ad-Hoc|ARM.Build.0 = Release|Any CPU
		{C94D3B37-9735-4FD9-AAE0-C424CD2A46E6}.Ad-Hoc|iPhone.ActiveCfg = Release|Any CPU
		{C94D3B37-9735-4FD9-AAE0-C424CD2A46E6}.Ad-Hoc|iPhone.Build.0 = Release|Any CPU
		{C94D3B37-9735-4FD9-AAE0-C424CD2A46E6}.Ad-Hoc|iPhoneSimulator.ActiveCfg = Release|Any CPU
		{C94D3B37-9735-4FD9-AAE0-C424CD2A46E6}.Ad-Hoc|iPhoneSimulator.Build.0 = Release|Any CPU
		{C94D3B37-9735-4FD9-AAE0-C424CD2A46E6}.Ad-Hoc|x64.ActiveCfg = Release|Any CPU
		{C94D3B37-9735-4FD9-AAE0-C424CD2A46E6}.Ad-Hoc|x64.Build.0 = Release|Any CPU
		{C94D3B37-9735-4FD9-AAE0-C424CD2A46E6}.Ad-Hoc|x86.ActiveCfg = Release|Any CPU
		{C94D3B37-9735-4FD9-AAE0-C424CD2A46E6}.Ad-Hoc|x86.Build.0 = Release|Any CPU
		{C94D3B37-9735-4FD9-AAE0-C424CD2A46E6}.AppStore|Any CPU.ActiveCfg = Release|Any CPU
		{C94D3B37-9735-4FD9-AAE0-C424CD2A46E6}.AppStore|Any CPU.Build.0 = Release|Any CPU
		{C94D3B37-9735-4FD9-AAE0-C424CD2A46E6}.AppStore|ARM.ActiveCfg = Release|Any CPU
		{C94D3B37-9735-4FD9-AAE0-C424CD2A46E6}.AppStore|ARM.Build.0 = Release|Any CPU
		{C94D3B37-9735-4FD9-AAE0-C424CD2A46E6}.AppStore|iPhone.ActiveCfg = Release|Any CPU
		{C94D3B37-9735-4FD9-AAE0-C424CD2A46E6}.AppStore|iPhone.Build.0 = Release|Any CPU
		{C94D3B37-9735-4FD9-AAE0-C424CD2A46E6}.AppStore|iPhoneSimulator.ActiveCfg = Release|Any CPU
		{C94D3B37-9735-4FD9-AAE0-C424CD2A46E6}.AppStore|iPhoneSimulator.Build.0 = Release|Any CPU
		{C94D3B37-9735-4FD9-AAE0-C424CD2A46E6}.AppStore|x64.ActiveCfg = Release|Any CPU
		{C94D3B37-9735-4FD9-AAE0-C424CD2A46E6}.AppStore|x64.Build.0 = Release|Any CPU
		{C94D3B37-9735-4FD9-AAE0-C424CD2A46E6}.AppStore|x86.ActiveCfg = Release|Any CPU
		{C94D3B37-9735-4FD9-AAE0-C424CD2A46E6}.AppStore|x86.Build.0 = Release|Any CPU
		{C94D3B37-9735-4FD9-AAE0-C424CD2A46E6}.Debug|Any CPU.ActiveCfg = Debug|Any CPU
		{C94D3B37-9735-4FD9-AAE0-C424CD2A46E6}.Debug|Any CPU.Build.0 = Debug|Any CPU
		{C94D3B37-9735-4FD9-AAE0-C424CD2A46E6}.Debug|ARM.ActiveCfg = Debug|Any CPU
		{C94D3B37-9735-4FD9-AAE0-C424CD2A46E6}.Debug|ARM.Build.0 = Debug|Any CPU
		{C94D3B37-9735-4FD9-AAE0-C424CD2A46E6}.Debug|iPhone.ActiveCfg = Debug|Any CPU
		{C94D3B37-9735-4FD9-AAE0-C424CD2A46E6}.Debug|iPhone.Build.0 = Debug|Any CPU
		{C94D3B37-9735-4FD9-AAE0-C424CD2A46E6}.Debug|iPhoneSimulator.ActiveCfg = Debug|Any CPU
		{C94D3B37-9735-4FD9-AAE0-C424CD2A46E6}.Debug|iPhoneSimulator.Build.0 = Debug|Any CPU
		{C94D3B37-9735-4FD9-AAE0-C424CD2A46E6}.Debug|x64.ActiveCfg = Debug|Any CPU
		{C94D3B37-9735-4FD9-AAE0-C424CD2A46E6}.Debug|x64.Build.0 = Debug|Any CPU
		{C94D3B37-9735-4FD9-AAE0-C424CD2A46E6}.Debug|x86.ActiveCfg = Debug|Any CPU
		{C94D3B37-9735-4FD9-AAE0-C424CD2A46E6}.Debug|x86.Build.0 = Debug|Any CPU
		{C94D3B37-9735-4FD9-AAE0-C424CD2A46E6}.Release|Any CPU.ActiveCfg = Release|Any CPU
		{C94D3B37-9735-4FD9-AAE0-C424CD2A46E6}.Release|Any CPU.Build.0 = Release|Any CPU
		{C94D3B37-9735-4FD9-AAE0-C424CD2A46E6}.Release|ARM.ActiveCfg = Release|Any CPU
		{C94D3B37-9735-4FD9-AAE0-C424CD2A46E6}.Release|ARM.Build.0 = Release|Any CPU
		{C94D3B37-9735-4FD9-AAE0-C424CD2A46E6}.Release|iPhone.ActiveCfg = Release|Any CPU
		{C94D3B37-9735-4FD9-AAE0-C424CD2A46E6}.Release|iPhone.Build.0 = Release|Any CPU
		{C94D3B37-9735-4FD9-AAE0-C424CD2A46E6}.Release|iPhoneSimulator.ActiveCfg = Release|Any CPU
		{C94D3B37-9735-4FD9-AAE0-C424CD2A46E6}.Release|iPhoneSimulator.Build.0 = Release|Any CPU
		{C94D3B37-9735-4FD9-AAE0-C424CD2A46E6}.Release|x64.ActiveCfg = Release|Any CPU
		{C94D3B37-9735-4FD9-AAE0-C424CD2A46E6}.Release|x64.Build.0 = Release|Any CPU
		{C94D3B37-9735-4FD9-AAE0-C424CD2A46E6}.Release|x86.ActiveCfg = Release|Any CPU
		{C94D3B37-9735-4FD9-AAE0-C424CD2A46E6}.Release|x86.Build.0 = Release|Any CPU
		{BBEEA619-B7D3-42A6-9867-A6F6E1153DB3}.Ad-Hoc|Any CPU.ActiveCfg = Release|Any CPU
		{BBEEA619-B7D3-42A6-9867-A6F6E1153DB3}.Ad-Hoc|Any CPU.Build.0 = Release|Any CPU
		{BBEEA619-B7D3-42A6-9867-A6F6E1153DB3}.Ad-Hoc|Any CPU.Deploy.0 = Release|Any CPU
		{BBEEA619-B7D3-42A6-9867-A6F6E1153DB3}.Ad-Hoc|ARM.ActiveCfg = Release|Any CPU
		{BBEEA619-B7D3-42A6-9867-A6F6E1153DB3}.Ad-Hoc|ARM.Build.0 = Release|Any CPU
		{BBEEA619-B7D3-42A6-9867-A6F6E1153DB3}.Ad-Hoc|ARM.Deploy.0 = Release|Any CPU
		{BBEEA619-B7D3-42A6-9867-A6F6E1153DB3}.Ad-Hoc|iPhone.ActiveCfg = Release|Any CPU
		{BBEEA619-B7D3-42A6-9867-A6F6E1153DB3}.Ad-Hoc|iPhone.Build.0 = Release|Any CPU
		{BBEEA619-B7D3-42A6-9867-A6F6E1153DB3}.Ad-Hoc|iPhone.Deploy.0 = Release|Any CPU
		{BBEEA619-B7D3-42A6-9867-A6F6E1153DB3}.Ad-Hoc|iPhoneSimulator.ActiveCfg = Release|Any CPU
		{BBEEA619-B7D3-42A6-9867-A6F6E1153DB3}.Ad-Hoc|iPhoneSimulator.Build.0 = Release|Any CPU
		{BBEEA619-B7D3-42A6-9867-A6F6E1153DB3}.Ad-Hoc|iPhoneSimulator.Deploy.0 = Release|Any CPU
		{BBEEA619-B7D3-42A6-9867-A6F6E1153DB3}.Ad-Hoc|x64.ActiveCfg = Release|Any CPU
		{BBEEA619-B7D3-42A6-9867-A6F6E1153DB3}.Ad-Hoc|x64.Build.0 = Release|Any CPU
		{BBEEA619-B7D3-42A6-9867-A6F6E1153DB3}.Ad-Hoc|x64.Deploy.0 = Release|Any CPU
		{BBEEA619-B7D3-42A6-9867-A6F6E1153DB3}.Ad-Hoc|x86.ActiveCfg = Release|Any CPU
		{BBEEA619-B7D3-42A6-9867-A6F6E1153DB3}.Ad-Hoc|x86.Build.0 = Release|Any CPU
		{BBEEA619-B7D3-42A6-9867-A6F6E1153DB3}.Ad-Hoc|x86.Deploy.0 = Release|Any CPU
		{BBEEA619-B7D3-42A6-9867-A6F6E1153DB3}.AppStore|Any CPU.ActiveCfg = Release|Any CPU
		{BBEEA619-B7D3-42A6-9867-A6F6E1153DB3}.AppStore|Any CPU.Build.0 = Release|Any CPU
		{BBEEA619-B7D3-42A6-9867-A6F6E1153DB3}.AppStore|Any CPU.Deploy.0 = Release|Any CPU
		{BBEEA619-B7D3-42A6-9867-A6F6E1153DB3}.AppStore|ARM.ActiveCfg = Release|Any CPU
		{BBEEA619-B7D3-42A6-9867-A6F6E1153DB3}.AppStore|ARM.Build.0 = Release|Any CPU
		{BBEEA619-B7D3-42A6-9867-A6F6E1153DB3}.AppStore|ARM.Deploy.0 = Release|Any CPU
		{BBEEA619-B7D3-42A6-9867-A6F6E1153DB3}.AppStore|iPhone.ActiveCfg = Release|Any CPU
		{BBEEA619-B7D3-42A6-9867-A6F6E1153DB3}.AppStore|iPhone.Build.0 = Release|Any CPU
		{BBEEA619-B7D3-42A6-9867-A6F6E1153DB3}.AppStore|iPhone.Deploy.0 = Release|Any CPU
		{BBEEA619-B7D3-42A6-9867-A6F6E1153DB3}.AppStore|iPhoneSimulator.ActiveCfg = Release|Any CPU
		{BBEEA619-B7D3-42A6-9867-A6F6E1153DB3}.AppStore|iPhoneSimulator.Build.0 = Release|Any CPU
		{BBEEA619-B7D3-42A6-9867-A6F6E1153DB3}.AppStore|iPhoneSimulator.Deploy.0 = Release|Any CPU
		{BBEEA619-B7D3-42A6-9867-A6F6E1153DB3}.AppStore|x64.ActiveCfg = Release|Any CPU
		{BBEEA619-B7D3-42A6-9867-A6F6E1153DB3}.AppStore|x64.Build.0 = Release|Any CPU
		{BBEEA619-B7D3-42A6-9867-A6F6E1153DB3}.AppStore|x64.Deploy.0 = Release|Any CPU
		{BBEEA619-B7D3-42A6-9867-A6F6E1153DB3}.AppStore|x86.ActiveCfg = Release|Any CPU
		{BBEEA619-B7D3-42A6-9867-A6F6E1153DB3}.AppStore|x86.Build.0 = Release|Any CPU
		{BBEEA619-B7D3-42A6-9867-A6F6E1153DB3}.AppStore|x86.Deploy.0 = Release|Any CPU
		{BBEEA619-B7D3-42A6-9867-A6F6E1153DB3}.Debug|Any CPU.ActiveCfg = Debug|Any CPU
		{BBEEA619-B7D3-42A6-9867-A6F6E1153DB3}.Debug|Any CPU.Build.0 = Debug|Any CPU
		{BBEEA619-B7D3-42A6-9867-A6F6E1153DB3}.Debug|Any CPU.Deploy.0 = Debug|Any CPU
		{BBEEA619-B7D3-42A6-9867-A6F6E1153DB3}.Debug|ARM.ActiveCfg = Debug|Any CPU
		{BBEEA619-B7D3-42A6-9867-A6F6E1153DB3}.Debug|ARM.Build.0 = Debug|Any CPU
		{BBEEA619-B7D3-42A6-9867-A6F6E1153DB3}.Debug|ARM.Deploy.0 = Debug|Any CPU
		{BBEEA619-B7D3-42A6-9867-A6F6E1153DB3}.Debug|iPhone.ActiveCfg = Debug|Any CPU
		{BBEEA619-B7D3-42A6-9867-A6F6E1153DB3}.Debug|iPhone.Build.0 = Debug|Any CPU
		{BBEEA619-B7D3-42A6-9867-A6F6E1153DB3}.Debug|iPhone.Deploy.0 = Debug|Any CPU
		{BBEEA619-B7D3-42A6-9867-A6F6E1153DB3}.Debug|iPhoneSimulator.ActiveCfg = Debug|Any CPU
		{BBEEA619-B7D3-42A6-9867-A6F6E1153DB3}.Debug|iPhoneSimulator.Build.0 = Debug|Any CPU
		{BBEEA619-B7D3-42A6-9867-A6F6E1153DB3}.Debug|iPhoneSimulator.Deploy.0 = Debug|Any CPU
		{BBEEA619-B7D3-42A6-9867-A6F6E1153DB3}.Debug|x64.ActiveCfg = Debug|Any CPU
		{BBEEA619-B7D3-42A6-9867-A6F6E1153DB3}.Debug|x64.Build.0 = Debug|Any CPU
		{BBEEA619-B7D3-42A6-9867-A6F6E1153DB3}.Debug|x64.Deploy.0 = Debug|Any CPU
		{BBEEA619-B7D3-42A6-9867-A6F6E1153DB3}.Debug|x86.ActiveCfg = Debug|Any CPU
		{BBEEA619-B7D3-42A6-9867-A6F6E1153DB3}.Debug|x86.Build.0 = Debug|Any CPU
		{BBEEA619-B7D3-42A6-9867-A6F6E1153DB3}.Debug|x86.Deploy.0 = Debug|Any CPU
		{BBEEA619-B7D3-42A6-9867-A6F6E1153DB3}.Release|Any CPU.ActiveCfg = Release|Any CPU
		{BBEEA619-B7D3-42A6-9867-A6F6E1153DB3}.Release|Any CPU.Build.0 = Release|Any CPU
		{BBEEA619-B7D3-42A6-9867-A6F6E1153DB3}.Release|Any CPU.Deploy.0 = Release|Any CPU
		{BBEEA619-B7D3-42A6-9867-A6F6E1153DB3}.Release|ARM.ActiveCfg = Release|Any CPU
		{BBEEA619-B7D3-42A6-9867-A6F6E1153DB3}.Release|ARM.Build.0 = Release|Any CPU
		{BBEEA619-B7D3-42A6-9867-A6F6E1153DB3}.Release|ARM.Deploy.0 = Release|Any CPU
		{BBEEA619-B7D3-42A6-9867-A6F6E1153DB3}.Release|iPhone.ActiveCfg = Release|Any CPU
		{BBEEA619-B7D3-42A6-9867-A6F6E1153DB3}.Release|iPhone.Build.0 = Release|Any CPU
		{BBEEA619-B7D3-42A6-9867-A6F6E1153DB3}.Release|iPhone.Deploy.0 = Release|Any CPU
		{BBEEA619-B7D3-42A6-9867-A6F6E1153DB3}.Release|iPhoneSimulator.ActiveCfg = Release|Any CPU
		{BBEEA619-B7D3-42A6-9867-A6F6E1153DB3}.Release|iPhoneSimulator.Build.0 = Release|Any CPU
		{BBEEA619-B7D3-42A6-9867-A6F6E1153DB3}.Release|iPhoneSimulator.Deploy.0 = Release|Any CPU
		{BBEEA619-B7D3-42A6-9867-A6F6E1153DB3}.Release|x64.ActiveCfg = Release|Any CPU
		{BBEEA619-B7D3-42A6-9867-A6F6E1153DB3}.Release|x64.Build.0 = Release|Any CPU
		{BBEEA619-B7D3-42A6-9867-A6F6E1153DB3}.Release|x64.Deploy.0 = Release|Any CPU
		{BBEEA619-B7D3-42A6-9867-A6F6E1153DB3}.Release|x86.ActiveCfg = Release|Any CPU
		{BBEEA619-B7D3-42A6-9867-A6F6E1153DB3}.Release|x86.Build.0 = Release|Any CPU
		{BBEEA619-B7D3-42A6-9867-A6F6E1153DB3}.Release|x86.Deploy.0 = Release|Any CPU
		{AC503DB3-06FD-4DA5-9D4D-0B7503034ACE}.Ad-Hoc|Any CPU.ActiveCfg = Ad-Hoc|iPhone
		{AC503DB3-06FD-4DA5-9D4D-0B7503034ACE}.Ad-Hoc|ARM.ActiveCfg = Ad-Hoc|iPhone
		{AC503DB3-06FD-4DA5-9D4D-0B7503034ACE}.Ad-Hoc|iPhone.ActiveCfg = Ad-Hoc|iPhone
		{AC503DB3-06FD-4DA5-9D4D-0B7503034ACE}.Ad-Hoc|iPhone.Build.0 = Ad-Hoc|iPhone
		{AC503DB3-06FD-4DA5-9D4D-0B7503034ACE}.Ad-Hoc|iPhoneSimulator.ActiveCfg = Ad-Hoc|iPhoneSimulator
		{AC503DB3-06FD-4DA5-9D4D-0B7503034ACE}.Ad-Hoc|iPhoneSimulator.Build.0 = Ad-Hoc|iPhoneSimulator
		{AC503DB3-06FD-4DA5-9D4D-0B7503034ACE}.Ad-Hoc|x64.ActiveCfg = Ad-Hoc|iPhone
		{AC503DB3-06FD-4DA5-9D4D-0B7503034ACE}.Ad-Hoc|x86.ActiveCfg = Ad-Hoc|iPhone
		{AC503DB3-06FD-4DA5-9D4D-0B7503034ACE}.AppStore|Any CPU.ActiveCfg = AppStore|iPhone
		{AC503DB3-06FD-4DA5-9D4D-0B7503034ACE}.AppStore|ARM.ActiveCfg = AppStore|iPhone
		{AC503DB3-06FD-4DA5-9D4D-0B7503034ACE}.AppStore|iPhone.ActiveCfg = AppStore|iPhone
		{AC503DB3-06FD-4DA5-9D4D-0B7503034ACE}.AppStore|iPhone.Build.0 = AppStore|iPhone
		{AC503DB3-06FD-4DA5-9D4D-0B7503034ACE}.AppStore|iPhoneSimulator.ActiveCfg = AppStore|iPhoneSimulator
		{AC503DB3-06FD-4DA5-9D4D-0B7503034ACE}.AppStore|iPhoneSimulator.Build.0 = AppStore|iPhoneSimulator
		{AC503DB3-06FD-4DA5-9D4D-0B7503034ACE}.AppStore|x64.ActiveCfg = AppStore|iPhone
		{AC503DB3-06FD-4DA5-9D4D-0B7503034ACE}.AppStore|x86.ActiveCfg = AppStore|iPhone
		{AC503DB3-06FD-4DA5-9D4D-0B7503034ACE}.Debug|Any CPU.ActiveCfg = Debug|iPhone
		{AC503DB3-06FD-4DA5-9D4D-0B7503034ACE}.Debug|ARM.ActiveCfg = Debug|iPhone
		{AC503DB3-06FD-4DA5-9D4D-0B7503034ACE}.Debug|iPhone.ActiveCfg = Debug|iPhone
		{AC503DB3-06FD-4DA5-9D4D-0B7503034ACE}.Debug|iPhone.Build.0 = Debug|iPhone
		{AC503DB3-06FD-4DA5-9D4D-0B7503034ACE}.Debug|iPhoneSimulator.ActiveCfg = Debug|iPhoneSimulator
		{AC503DB3-06FD-4DA5-9D4D-0B7503034ACE}.Debug|iPhoneSimulator.Build.0 = Debug|iPhoneSimulator
		{AC503DB3-06FD-4DA5-9D4D-0B7503034ACE}.Debug|x64.ActiveCfg = Debug|iPhone
		{AC503DB3-06FD-4DA5-9D4D-0B7503034ACE}.Debug|x86.ActiveCfg = Debug|iPhone
		{AC503DB3-06FD-4DA5-9D4D-0B7503034ACE}.Release|Any CPU.ActiveCfg = Release|iPhone
		{AC503DB3-06FD-4DA5-9D4D-0B7503034ACE}.Release|ARM.ActiveCfg = Release|iPhone
		{AC503DB3-06FD-4DA5-9D4D-0B7503034ACE}.Release|iPhone.ActiveCfg = Release|iPhone
		{AC503DB3-06FD-4DA5-9D4D-0B7503034ACE}.Release|iPhone.Build.0 = Release|iPhone
		{AC503DB3-06FD-4DA5-9D4D-0B7503034ACE}.Release|iPhoneSimulator.ActiveCfg = Release|iPhoneSimulator
		{AC503DB3-06FD-4DA5-9D4D-0B7503034ACE}.Release|iPhoneSimulator.Build.0 = Release|iPhoneSimulator
		{AC503DB3-06FD-4DA5-9D4D-0B7503034ACE}.Release|x64.ActiveCfg = Release|iPhone
		{AC503DB3-06FD-4DA5-9D4D-0B7503034ACE}.Release|x86.ActiveCfg = Release|iPhone
	EndGlobalSection
	GlobalSection(SolutionProperties) = preSolution
		HideSolutionNode = FALSE
	EndGlobalSection
EndGlobal
